
Microsoft Visual Studio Solution File, Format Version 12.00
# Visual Studio 2013
VisualStudioVersion = 12.0.20617.1 PREVIEW
MinimumVisualStudioVersion = 10.0.40219.1
Project("{FAE04EC0-301F-11D3-BF4B-00C04F79EFBC}") = "SelfHostSignalR20", "SelfHostSignal20\SelfHostSignalR20.csproj", "{590B3A43-1596-458D-AF5C-C98964B76C7B}"
EndProject
Project("{FAE04EC0-301F-11D3-BF4B-00C04F79EFBC}") = "SignalR20Client", "SignalR20Client\SignalR20Client.csproj", "{B0608763-6628-402D-889C-772880A76A88}"
EndProject
Project("{2150E333-8FDC-42A3-9474-1A3956D46DE8}") = ".nuget", ".nuget", "{82CD66FB-7361-4217-B519-E58657F8E92C}"
	ProjectSection(SolutionItems) = preProject
		.nuget\NuGet.Config = .nuget\NuGet.Config
		.nuget\NuGet.exe = .nuget\NuGet.exe
		.nuget\NuGet.targets = .nuget\NuGet.targets
	EndProjectSection
EndProject
Global
	GlobalSection(SolutionConfigurationPlatforms) = preSolution
		Debug|Any CPU = Debug|Any CPU
		Debug|ARM = Debug|ARM
		Debug|x64 = Debug|x64
		Debug|x86 = Debug|x86
		Release|Any CPU = Release|Any CPU
		Release|ARM = Release|ARM
		Release|x64 = Release|x64
		Release|x86 = Release|x86
	EndGlobalSection
	GlobalSection(ProjectConfigurationPlatforms) = postSolution
		{590B3A43-1596-458D-AF5C-C98964B76C7B}.Debug|Any CPU.ActiveCfg = Debug|Any CPU
		{590B3A43-1596-458D-AF5C-C98964B76C7B}.Debug|Any CPU.Build.0 = Debug|Any CPU
		{590B3A43-1596-458D-AF5C-C98964B76C7B}.Debug|ARM.ActiveCfg = Debug|Any CPU
		{590B3A43-1596-458D-AF5C-C98964B76C7B}.Debug|x64.ActiveCfg = Debug|Any CPU
		{590B3A43-1596-458D-AF5C-C98964B76C7B}.Debug|x86.ActiveCfg = Debug|Any CPU
		{590B3A43-1596-458D-AF5C-C98964B76C7B}.Release|Any CPU.ActiveCfg = Release|Any CPU
		{590B3A43-1596-458D-AF5C-C98964B76C7B}.Release|Any CPU.Build.0 = Release|Any CPU
		{590B3A43-1596-458D-AF5C-C98964B76C7B}.Release|ARM.ActiveCfg = Release|Any CPU
		{590B3A43-1596-458D-AF5C-C98964B76C7B}.Release|x64.ActiveCfg = Release|Any CPU
		{590B3A43-1596-458D-AF5C-C98964B76C7B}.Release|x86.ActiveCfg = Release|Any CPU
		{B0608763-6628-402D-889C-772880A76A88}.Debug|Any CPU.ActiveCfg = Debug|Any CPU
		{B0608763-6628-402D-889C-772880A76A88}.Debug|Any CPU.Build.0 = Debug|Any CPU
		{B0608763-6628-402D-889C-772880A76A88}.Debug|Any CPU.Deploy.0 = Debug|Any CPU
		{B0608763-6628-402D-889C-772880A76A88}.Debug|ARM.ActiveCfg = Debug|ARM
		{B0608763-6628-402D-889C-772880A76A88}.Debug|ARM.Build.0 = Debug|ARM
		{B0608763-6628-402D-889C-772880A76A88}.Debug|ARM.Deploy.0 = Debug|ARM
		{B0608763-6628-402D-889C-772880A76A88}.Debug|x64.ActiveCfg = Debug|x64
		{B0608763-6628-402D-889C-772880A76A88}.Debug|x64.Build.0 = Debug|x64
		{B0608763-6628-402D-889C-772880A76A88}.Debug|x64.Deploy.0 = Debug|x64
		{B0608763-6628-402D-889C-772880A76A88}.Debug|x86.ActiveCfg = Debug|x86
		{B0608763-6628-402D-889C-772880A76A88}.Debug|x86.Build.0 = Debug|x86
		{B0608763-6628-402D-889C-772880A76A88}.Debug|x86.Deploy.0 = Debug|x86
		{B0608763-6628-402D-889C-772880A76A88}.Release|Any CPU.ActiveCfg = Release|Any CPU
		{B0608763-6628-402D-889C-772880A76A88}.Release|Any CPU.Build.0 = Release|Any CPU
		{B0608763-6628-402D-889C-772880A76A88}.Release|Any CPU.Deploy.0 = Release|Any CPU
		{B0608763-6628-402D-889C-772880A76A88}.Release|ARM.ActiveCfg = Release|ARM
		{B0608763-6628-402D-889C-772880A76A88}.Release|ARM.Build.0 = Release|ARM
		{B0608763-6628-402D-889C-772880A76A88}.Release|ARM.Deploy.0 = Release|ARM
		{B0608763-6628-402D-889C-772880A76A88}.Release|x64.ActiveCfg = Release|x64
		{B0608763-6628-402D-889C-772880A76A88}.Release|x64.Build.0 = Release|x64
		{B0608763-6628-402D-889C-772880A76A88}.Release|x64.Deploy.0 = Release|x64
		{B0608763-6628-402D-889C-772880A76A88}.Release|x86.ActiveCfg = Release|x86
		{B0608763-6628-402D-889C-772880A76A88}.Release|x86.Build.0 = Release|x86
		{B0608763-6628-402D-889C-772880A76A88}.Release|x86.Deploy.0 = Release|x86
	EndGlobalSection
	GlobalSection(SolutionProperties) = preSolution
		HideSolutionNode = FALSE
	EndGlobalSection
EndGlobal
